
Microsoft Visual Studio Solution File, Format Version 12.00
# Visual Studio 15
VisualStudioVersion = 15.0.27428.2043
MinimumVisualStudioVersion = 10.0.40219.1
Project("{FAE04EC0-301F-11D3-BF4B-00C04F79EFBC}") = "ConsoleLauncher", "ConsoleLauncher\ConsoleLauncher.csproj", "{B90DEF76-566F-4EAF-B1BA-56CCAEEBED46}"
EndProject
Global
	GlobalSection(SolutionConfigurationPlatforms) = preSolution
		Debug|Any CPU = Debug|Any CPU
		Release|Any CPU = Release|Any CPU
	EndGlobalSection
	GlobalSection(ProjectConfigurationPlatforms) = postSolution
		{B90DEF76-566F-4EAF-B1BA-56CCAEEBED46}.Debug|Any CPU.ActiveCfg = Debug|Any CPU
		{B90DEF76-566F-4EAF-B1BA-56CCAEEBED46}.Debug|Any CPU.Build.0 = Debug|Any CPU
		{B90DEF76-566F-4EAF-B1BA-56CCAEEBED46}.Release|Any CPU.ActiveCfg = Release|Any CPU
		{B90DEF76-566F-4EAF-B1BA-56CCAEEBED46}.Release|Any CPU.Build.0 = Release|Any CPU
	EndGlobalSection
	GlobalSection(SolutionProperties) = preSolution
		HideSolutionNode = FALSE
	EndGlobalSection
	GlobalSection(ExtensibilityGlobals) = postSolution
		SolutionGuid = {3566ABDD-518C-408C-867B-C9901A5232B8}
	EndGlobalSection
EndGlobal
